
Microsoft Visual Studio Solution File, Format Version 12.00
# Visual Studio Version 17
VisualStudioVersion = 17.5.33516.290
MinimumVisualStudioVersion = 10.0.40219.1
Project("{FAE04EC0-301F-11D3-BF4B-00C04F79EFBC}") = "ExercicioCSharpEnum3", "ExercicioCSharpEnum3\ExercicioCSharpEnum3.csproj", "{5946C241-4947-4A7B-813F-50B842C073FA}"
EndProject
Global
	GlobalSection(SolutionConfigurationPlatforms) = preSolution
		Debug|Any CPU = Debug|Any CPU
		Release|Any CPU = Release|Any CPU
	EndGlobalSection
	GlobalSection(ProjectConfigurationPlatforms) = postSolution
		{5946C241-4947-4A7B-813F-50B842C073FA}.Debug|Any CPU.ActiveCfg = Debug|Any CPU
		{5946C241-4947-4A7B-813F-50B842C073FA}.Debug|Any CPU.Build.0 = Debug|Any CPU
		{5946C241-4947-4A7B-813F-50B842C073FA}.Release|Any CPU.ActiveCfg = Release|Any CPU
		{5946C241-4947-4A7B-813F-50B842C073FA}.Release|Any CPU.Build.0 = Release|Any CPU
	EndGlobalSection
	GlobalSection(SolutionProperties) = preSolution
		HideSolutionNode = FALSE
	EndGlobalSection
	GlobalSection(ExtensibilityGlobals) = postSolution
		SolutionGuid = {2DF3D727-51E9-4DF1-BA7B-45720EAC379D}
	EndGlobalSection
EndGlobal
